
Microsoft Visual Studio Solution File, Format Version 12.00
# Visual Studio 15
VisualStudioVersion = 15.0.28306.52
MinimumVisualStudioVersion = 10.0.40219.1
Project("{FAE04EC0-301F-11D3-BF4B-00C04F79EFBC}") = "MiniTest", "MiniTest\MiniTest.csproj", "{BCB593F0-59AD-40E3-AF9E-B1873B62A119}"
EndProject
Global
	GlobalSection(SolutionConfigurationPlatforms) = preSolution
		Debug|Any CPU = Debug|Any CPU
		Release|Any CPU = Release|Any CPU
	EndGlobalSection
	GlobalSection(ProjectConfigurationPlatforms) = postSolution
		{BCB593F0-59AD-40E3-AF9E-B1873B62A119}.Debug|Any CPU.ActiveCfg = Debug|Any CPU
		{BCB593F0-59AD-40E3-AF9E-B1873B62A119}.Debug|Any CPU.Build.0 = Debug|Any CPU
		{BCB593F0-59AD-40E3-AF9E-B1873B62A119}.Release|Any CPU.ActiveCfg = Release|Any CPU
		{BCB593F0-59AD-40E3-AF9E-B1873B62A119}.Release|Any CPU.Build.0 = Release|Any CPU
	EndGlobalSection
	GlobalSection(SolutionProperties) = preSolution
		HideSolutionNode = FALSE
	EndGlobalSection
	GlobalSection(ExtensibilityGlobals) = postSolution
		SolutionGuid = {67E1B6EF-C2FC-411A-997E-51D684753190}
	EndGlobalSection
EndGlobal
